// !$*UTF8*$!
{
	archiveVersion = 1;
	classes = {
	};
	objectVersion = 46;
	objects = {

/* Begin PBXBuildFile section */
		5445D42F1E52A03900226717 /* Assets.xcassets in Resources */ = {isa = PBXBuildFile; fileRef = 5445D42E1E52A03900226717 /* Assets.xcassets */; };
		545F5CDC1E4ADB350031FB5A /* DetialsViewController.swift in Sources */ = {isa = PBXBuildFile; fileRef = 545F5CDB1E4ADB350031FB5A /* DetialsViewController.swift */; };
		54A2B82D1E41A4870049CB8C /* AppDelegate.swift in Sources */ = {isa = PBXBuildFile; fileRef = 54A2B82C1E41A4870049CB8C /* AppDelegate.swift */; };
		54A2B8321E41A4870049CB8C /* Main.storyboard in Resources */ = {isa = PBXBuildFile; fileRef = 54A2B8301E41A4870049CB8C /* Main.storyboard */; };
		54A2B8371E41A4870049CB8C /* LaunchScreen.storyboard in Resources */ = {isa = PBXBuildFile; fileRef = 54A2B8351E41A4870049CB8C /* LaunchScreen.storyboard */; };
		54A2B8411E41A6260049CB8C /* MovieViewController.swift in Sources */ = {isa = PBXBuildFile; fileRef = 54A2B8401E41A6260049CB8C /* MovieViewController.swift */; };
		54BA60711E4833E300D6BC47 /* MovieCell.swift in Sources */ = {isa = PBXBuildFile; fileRef = 54BA60701E4833E300D6BC47 /* MovieCell.swift */; };
		E47BD18E5208239E97CE33EA /* Pods_Flicks.framework in Frameworks */ = {isa = PBXBuildFile; fileRef = E12F9D4F2DC4C372F378DA15 /* Pods_Flicks.framework */; };
/* End PBXBuildFile section */

/* Begin PBXFileReference section */
		5445D42E1E52A03900226717 /* Assets.xcassets */ = {isa = PBXFileReference; lastKnownFileType = folder.assetcatalog; name = Assets.xcassets; path = ../../../.Trash/Assets.xcassets; sourceTree = "<group>"; };
		545F5CDB1E4ADB350031FB5A /* DetialsViewController.swift */ = {isa = PBXFileReference; fileEncoding = 4; lastKnownFileType = sourcecode.swift; path = DetialsViewController.swift; sourceTree = "<group>"; };
		54A2B8291E41A4870049CB8C /* Flicks.app */ = {isa = PBXFileReference; explicitFileType = wrapper.application; includeInIndex = 0; path = Flicks.app; sourceTree = BUILT_PRODUCTS_DIR; };
		54A2B82C1E41A4870049CB8C /* AppDelegate.swift */ = {isa = PBXFileReference; lastKnownFileType = sourcecode.swift; path = AppDelegate.swift; sourceTree = "<group>"; };
		54A2B8311E41A4870049CB8C /* Base */ = {isa = PBXFileReference; lastKnownFileType = file.storyboard; name = Base; path = Base.lproj/Main.storyboard; sourceTree = "<group>"; };
		54A2B8361E41A4870049CB8C /* Base */ = {isa = PBXFileReference; lastKnownFileType = file.storyboard; name = Base; path = Base.lproj/LaunchScreen.storyboard; sourceTree = "<group>"; };
		54A2B8381E41A4870049CB8C /* Info.plist */ = {isa = PBXFileReference; lastKnownFileType = text.plist.xml; path = Info.plist; sourceTree = "<group>"; };
		54A2B8401E41A6260049CB8C /* MovieViewController.swift */ = {isa = PBXFileReference; fileEncoding = 4; lastKnownFileType = sourcecode.swift; path = MovieViewController.swift; sourceTree = "<group>"; };
		54BA60701E4833E300D6BC47 /* MovieCell.swift */ = {isa = PBXFileReference; fileEncoding = 4; lastKnownFileType = sourcecode.swift; path = MovieCell.swift; sourceTree = "<group>"; };
		88F7B497830472355ABBB51E /* Pods-Flicks.debug.xcconfig */ = {isa = PBXFileReference; includeInIndex = 1; lastKnownFileType = text.xcconfig; name = "Pods-Flicks.debug.xcconfig"; path = "Pods/Target Support Files/Pods-Flicks/Pods-Flicks.debug.xcconfig"; sourceTree = "<group>"; };
		D42757D26CC6B53E79911971 /* Pods-Flicks.release.xcconfig */ = {isa = PBXFileReference; includeInIndex = 1; lastKnownFileType = text.xcconfig; name = "Pods-Flicks.release.xcconfig"; path = "Pods/Target Support Files/Pods-Flicks/Pods-Flicks.release.xcconfig"; sourceTree = "<group>"; };
		E12F9D4F2DC4C372F378DA15 /* Pods_Flicks.framework */ = {isa = PBXFileReference; explicitFileType = wrapper.framework; includeInIndex = 0; path = Pods_Flicks.framework; sourceTree = BUILT_PRODUCTS_DIR; };
/* End PBXFileReference section */

/* Begin PBXFrameworksBuildPhase section */
		54A2B8261E41A4860049CB8C /* Frameworks */ = {
			isa = PBXFrameworksBuildPhase;
			buildActionMask = 2147483647;
			files = (
				E47BD18E5208239E97CE33EA /* Pods_Flicks.framework in Frameworks */,
			);
			runOnlyForDeploymentPostprocessing = 0;
		};
/* End PBXFrameworksBuildPhase section */

/* Begin PBXGroup section */
		54A2B8201E41A4860049CB8C = {
			isa = PBXGroup;
			children = (
				54A2B82B1E41A4870049CB8C /* Flicks */,
				54A2B82A1E41A4870049CB8C /* Products */,
				C74DA12CDA064EE50D709E16 /* Pods */,
				B4675CE5D3CC3A07E8E06872 /* Frameworks */,
			);
			sourceTree = "<group>";
		};
		54A2B82A1E41A4870049CB8C /* Products */ = {
			isa = PBXGroup;
			children = (
				54A2B8291E41A4870049CB8C /* Flicks.app */,
			);
			name = Products;
			sourceTree = "<group>";
		};
		54A2B82B1E41A4870049CB8C /* Flicks */ = {
			isa = PBXGroup;
			children = (
				54BA60721E48340000D6BC47 /* View Controllers */,
				54BA606F1E48339700D6BC47 /* Views */,
				54A2B82C1E41A4870049CB8C /* AppDelegate.swift */,
				54A2B8301E41A4870049CB8C /* Main.storyboard */,
				5445D42E1E52A03900226717 /* Assets.xcassets */,
				54A2B8351E41A4870049CB8C /* LaunchScreen.storyboard */,
				54A2B8381E41A4870049CB8C /* Info.plist */,
			);
			path = Flicks;
			sourceTree = "<group>";
		};
		54BA606F1E48339700D6BC47 /* Views */ = {
			isa = PBXGroup;
			children = (
				54BA60701E4833E300D6BC47 /* MovieCell.swift */,
			);
			name = Views;
			sourceTree = "<group>";
		};
		54BA60721E48340000D6BC47 /* View Controllers */ = {
			isa = PBXGroup;
			children = (
				54A2B8401E41A6260049CB8C /* MovieViewController.swift */,
				545F5CDB1E4ADB350031FB5A /* DetialsViewController.swift */,
			);
			name = "View Controllers";
			sourceTree = "<group>";
		};
		B4675CE5D3CC3A07E8E06872 /* Frameworks */ = {
			isa = PBXGroup;
			children = (
				E12F9D4F2DC4C372F378DA15 /* Pods_Flicks.framework */,
			);
			name = Frameworks;
			sourceTree = "<group>";
		};
		C74DA12CDA064EE50D709E16 /* Pods */ = {
			isa = PBXGroup;
			children = (
				88F7B497830472355ABBB51E /* Pods-Flicks.debug.xcconfig */,
				D42757D26CC6B53E79911971 /* Pods-Flicks.release.xcconfig */,
			);
			name = Pods;
			sourceTree = "<group>";
		};
/* End PBXGroup section */

/* Begin PBXNativeTarget section */
		54A2B8281E41A4860049CB8C /* Flicks */ = {
			isa = PBXNativeTarget;
			buildConfigurationList = 54A2B83B1E41A4870049CB8C /* Build configuration list for PBXNativeTarget "Flicks" */;
			buildPhases = (
				F51DA99B1D947B06DA2E743D /* [CP] Check Pods Manifest.lock */,
				54A2B8251E41A4860049CB8C /* Sources */,
				54A2B8261E41A4860049CB8C /* Frameworks */,
				54A2B8271E41A4860049CB8C /* Resources */,
				3472189DED78EE92FCC7E73B /* [CP] Embed Pods Frameworks */,
				364B25DB3C3810A8B0E0FC65 /* [CP] Copy Pods Resources */,
			);
			buildRules = (
			);
			dependencies = (
			);
			name = Flicks;
			productName = Flicks;
			productReference = 54A2B8291E41A4870049CB8C /* Flicks.app */;
			productType = "com.apple.product-type.application";
		};
/* End PBXNativeTarget section */

/* Begin PBXProject section */
		54A2B8211E41A4860049CB8C /* Project object */ = {
			isa = PBXProject;
			attributes = {
				LastSwiftUpdateCheck = 0820;
				LastUpgradeCheck = 0820;
				ORGANIZATIONNAME = "Rajit Dang";
				TargetAttributes = {
					54A2B8281E41A4860049CB8C = {
						CreatedOnToolsVersion = 8.2.1;
						DevelopmentTeam = FCZG42SK2D;
						ProvisioningStyle = Automatic;
					};
				};
			};
			buildConfigurationList = 54A2B8241E41A4860049CB8C /* Build configuration list for PBXProject "Flicks" */;
			compatibilityVersion = "Xcode 3.2";
			developmentRegion = English;
			hasScannedForEncodings = 0;
			knownRegions = (
				en,
				Base,
			);
			mainGroup = 54A2B8201E41A4860049CB8C;
			productRefGroup = 54A2B82A1E41A4870049CB8C /* Products */;
			projectDirPath = "";
			projectRoot = "";
			targets = (
				54A2B8281E41A4860049CB8C /* Flicks */,
			);
		};
/* End PBXProject section */

/* Begin PBXResourcesBuildPhase section */
		54A2B8271E41A4860049CB8C /* Resources */ = {
			isa = PBXResourcesBuildPhase;
			buildActionMask = 2147483647;
			files = (
				54A2B8371E41A4870049CB8C /* LaunchScreen.storyboard in Resources */,
				5445D42F1E52A03900226717 /* Assets.xcassets in Resources */,
				54A2B8321E41A4870049CB8C /* Main.storyboard in Resources */,
			);
			runOnlyForDeploymentPostprocessing = 0;
		};
/* End PBXResourcesBuildPhase section */

/* Begin PBXShellScriptBuildPhase section */
		3472189DED78EE92FCC7E73B /* [CP] Embed Pods Frameworks */ = {
			isa = PBXShellScriptBuildPhase;
			buildActionMask = 2147483647;
			files = (
			);
			inputPaths = (
			);
			name = "[CP] Embed Pods Frameworks";
			outputPaths = (
			);
			runOnlyForDeploymentPostprocessing = 0;
			shellPath = /bin/sh;
			shellScript = "\"${SRCROOT}/Pods/Target Support Files/Pods-Flicks/Pods-Flicks-frameworks.sh\"\n";
			showEnvVarsInLog = 0;
		};
		364B25DB3C3810A8B0E0FC65 /* [CP] Copy Pods Resources */ = {
			isa = PBXShellScriptBuildPhase;
			buildActionMask = 2147483647;
			files = (
			);
			inputPaths = (
			);
			name = "[CP] Copy Pods Resources";
			outputPaths = (
			);
			runOnlyForDeploymentPostprocessing = 0;
			shellPath = /bin/sh;
			shellScript = "\"${SRCROOT}/Pods/Target Support Files/Pods-Flicks/Pods-Flicks-resources.sh\"\n";
			showEnvVarsInLog = 0;
		};
		F51DA99B1D947B06DA2E743D /* [CP] Check Pods Manifest.lock */ = {
			isa = PBXShellScriptBuildPhase;
			buildActionMask = 2147483647;
			files = (
			);
			inputPaths = (
			);
			name = "[CP] Check Pods Manifest.lock";
			outputPaths = (
			);
			runOnlyForDeploymentPostprocessing = 0;
			shellPath = /bin/sh;
			shellScript = "diff \"${PODS_ROOT}/../Podfile.lock\" \"${PODS_ROOT}/Manifest.lock\" > /dev/null\nif [ $? != 0 ] ; then\n    # print error to STDERR\n    echo \"error: The sandbox is not in sync with the Podfile.lock. Run 'pod install' or update your CocoaPods installation.\" >&2\n    exit 1\nfi\n";
			showEnvVarsInLog = 0;
		};
/* End PBXShellScriptBuildPhase section */

/* Begin PBXSourcesBuildPhase section */
		54A2B8251E41A4860049CB8C /* Sources */ = {
			isa = PBXSourcesBuildPhase;
			buildActionMask = 2147483647;
			files = (
				54A2B82D1E41A4870049CB8C /* AppDelegate.swift in Sources */,
				54A2B8411E41A6260049CB8C /* MovieViewController.swift in Sources */,
				54BA60711E4833E300D6BC47 /* MovieCell.swift in Sources */,
				545F5CDC1E4ADB350031FB5A /* DetialsViewController.swift in Sources */,
			);
			runOnlyForDeploymentPostprocessing = 0;
		};
/* End PBXSourcesBuildPhase section */

/* Begin PBXVariantGroup section */
		54A2B8301E41A4870049CB8C /* Main.storyboard */ = {
			isa = PBXVariantGroup;
			children = (
				54A2B8311E41A4870049CB8C /* Base */,
			);
			name = Main.storyboard;
			sourceTree = "<group>";
		};
		54A2B8351E41A4870049CB8C /* LaunchScreen.storyboard */ = {
			isa = PBXVariantGroup;
			children = (
				54A2B8361E41A4870049CB8C /* Base */,
			);
			name = LaunchScreen.storyboard;
			sourceTree = "<group>";
		};
/* End PBXVariantGroup section */

/* Begin XCBuildConfiguration section */
		54A2B8391E41A4870049CB8C /* Debug */ = {
			isa = XCBuildConfiguration;
			buildSettings = {
				ALWAYS_SEARCH_USER_PATHS = NO;
				CLANG_ANALYZER_NONNULL = YES;
				CLANG_CXX_LANGUAGE_STANDARD = "gnu++0x";
				CLANG_CXX_LIBRARY = "libc++";
				CLANG_ENABLE_MODULES = YES;
				CLANG_ENABLE_OBJC_ARC = YES;
				CLANG_WARN_BOOL_CONVERSION = YES;
				CLANG_WARN_CONSTANT_CONVERSION = YES;
				CLANG_WARN_DIRECT_OBJC_ISA_USAGE = YES_ERROR;
				CLANG_WARN_DOCUMENTATION_COMMENTS = YES;
				CLANG_WARN_EMPTY_BODY = YES;
				CLANG_WARN_ENUM_CONVERSION = YES;
				CLANG_WARN_INFINITE_RECURSION = YES;
				CLANG_WARN_INT_CONVERSION = YES;
				CLANG_WARN_OBJC_ROOT_CLASS = YES_ERROR;
				CLANG_WARN_SUSPICIOUS_MOVE = YES;
				CLANG_WARN_UNREACHABLE_CODE = YES;
				CLANG_WARN__DUPLICATE_METHOD_MATCH = YES;
				"CODE_SIGN_IDENTITY[sdk=iphoneos*]" = "iPhone Developer";
				COPY_PHASE_STRIP = NO;
				DEBUG_INFORMATION_FORMAT = dwarf;
				ENABLE_STRICT_OBJC_MSGSEND = YES;
				ENABLE_TESTABILITY = YES;
				GCC_C_LANGUAGE_STANDARD = gnu99;
				GCC_DYNAMIC_NO_PIC = NO;
				GCC_NO_COMMON_BLOCKS = YES;
				GCC_OPTIMIZATION_LEVEL = 0;
				GCC_PREPROCESSOR_DEFINITIONS = (
					"DEBUG=1",
					"$(inherited)",
				);
				GCC_WARN_64_TO_32_BIT_CONVERSION = YES;
				GCC_WARN_ABOUT_RETURN_TYPE = YES_ERROR;
				GCC_WARN_UNDECLARED_SELECTOR = YES;
				GCC_WARN_UNINITIALIZED_AUTOS = YES_AGGRESSIVE;
				GCC_WARN_UNUSED_FUNCTION = YES;
				GCC_WARN_UNUSED_VARIABLE = YES;
				IPHONEOS_DEPLOYMENT_TARGET = 10.2;
				MTL_ENABLE_DEBUG_INFO = YES;
				ONLY_ACTIVE_ARCH = YES;
				SDKROOT = iphoneos;
				SWIFT_ACTIVE_COMPILATION_CONDITIONS = DEBUG;
				SWIFT_OPTIMIZATION_LEVEL = "-Onone";
				TARGETED_DEVICE_FAMILY = "1,2";
			};
			name = Debug;
		};
		54A2B83A1E41A4870049CB8C /* Release */ = {
			isa = XCBuildConfiguration;
			buildSettings = {
				ALWAYS_SEARCH_USER_PATHS = NO;
				CLANG_ANALYZER_NONNULL = YES;
				CLANG_CXX_LANGUAGE_STANDARD = "gnu++0x";
				CLANG_CXX_LIBRARY = "libc++";
				CLANG_ENABLE_MODULES = YES;
				CLANG_ENABLE_OBJC_ARC = YES;
				CLANG_WARN_BOOL_CONVERSION = YES;
				CLANG_WARN_CONSTANT_CONVERSION = YES;
				CLANG_WARN_DIRECT_OBJC_ISA_USAGE = YES_ERROR;
				CLANG_WARN_DOCUMENTATION_COMMENTS = YES;
				CLANG_WARN_EMPTY_BODY = YES;
				CLANG_WARN_ENUM_CONVERSION = YES;
				CLANG_WARN_INFINITE_RECURSION = YES;
				CLANG_WARN_INT_CONVERSION = YES;
				CLANG_WARN_OBJC_ROOT_CLASS = YES_ERROR;
				CLANG_WARN_SUSPICIOUS_MOVE = YES;
				CLANG_WARN_UNREACHABLE_CODE = YES;
				CLANG_WARN__DUPLICATE_METHOD_MATCH = YES;
				"CODE_SIGN_IDENTITY[sdk=iphoneos*]" = "iPhone Developer";
				COPY_PHASE_STRIP = NO;
				DEBUG_INFORMATION_FORMAT = "dwarf-with-dsym";
				ENABLE_NS_ASSERTIONS = NO;
				ENABLE_STRICT_OBJC_MSGSEND = YES;
				GCC_C_LANGUAGE_STANDARD = gnu99;
				GCC_NO_COMMON_BLOCKS = YES;
				GCC_WARN_64_TO_32_BIT_CONVERSION = YES;
				GCC_WARN_ABOUT_RETURN_TYPE = YES_ERROR;
				GCC_WARN_UNDECLARED_SELECTOR = YES;
				GCC_WARN_UNINITIALIZED_AUTOS = YES_AGGRESSIVE;
				GCC_WARN_UNUSED_FUNCTION = YES;
				GCC_WARN_UNUSED_VARIABLE = YES;
				IPHONEOS_DEPLOYMENT_TARGET = 10.2;
				MTL_ENABLE_DEBUG_INFO = NO;
				SDKROOT = iphoneos;
				SWIFT_OPTIMIZATION_LEVEL = "-Owholemodule";
				TARGETED_DEVICE_FAMILY = "1,2";
				VALIDATE_PRODUCT = YES;
			};
			name = Release;
		};
		54A2B83C1E41A4870049CB8C /* Debug */ = {
			isa = XCBuildConfiguration;
			baseConfigurationReference = 88F7B497830472355ABBB51E /* Pods-Flicks.debug.xcconfig */;
			buildSettings = {
				ASSETCATALOG_COMPILER_APPICON_NAME = AppIcon;
				DEVELOPMENT_TEAM = FCZG42SK2D;
				INFOPLIST_FILE = Flicks/Info.plist;
				LD_RUNPATH_SEARCH_PATHS = "$(inherited) @executable_path/Frameworks";
				PRODUCT_BUNDLE_IDENTIFIER = com.rajitdang.Flicks;
				PRODUCT_NAME = "$(TARGET_NAME)";
				SWIFT_VERSION = 3.0;
			};
			name = Debug;
		};
		54A2B83D1E41A4870049CB8C /* Release */ = {
			isa = XCBuildConfiguration;
			baseConfigurationReference = D42757D26CC6B53E79911971 /* Pods-Flicks.release.xcconfig */;
			buildSettings = {
				ASSETCATALOG_COMPILER_APPICON_NAME = AppIcon;
				DEVELOPMENT_TEAM = FCZG42SK2D;
				INFOPLIST_FILE = Flicks/Info.plist;
				LD_RUNPATH_SEARCH_PATHS = "$(inherited) @executable_path/Frameworks";
				PRODUCT_BUNDLE_IDENTIFIER = com.rajitdang.Flicks;
				PRODUCT_NAME = "$(TARGET_NAME)";
				SWIFT_VERSION = 3.0;
			};
			name = Release;
		};
/* End XCBuildConfiguration section */

/* Begin XCConfigurationList section */
		54A2B8241E41A4860049CB8C /* Build configuration list for PBXProject "Flicks" */ = {
			isa = XCConfigurationList;
			buildConfigurations = (
				54A2B8391E41A4870049CB8C /* Debug */,
				54A2B83A1E41A4870049CB8C /* Release */,
			);
			defaultConfigurationIsVisible = 0;
			defaultConfigurationName = Release;
		};
		54A2B83B1E41A4870049CB8C /* Build configuration list for PBXNativeTarget "Flicks" */ = {
			isa = XCConfigurationList;
			buildConfigurations = (
				54A2B83C1E41A4870049CB8C /* Debug */,
				54A2B83D1E41A4870049CB8C /* Release */,
			);
			defaultConfigurationIsVisible = 0;
			defaultConfigurationName = Release;
		};
/* End XCConfigurationList section */
	};
	rootObject = 54A2B8211E41A4860049CB8C /* Project object */;
}
